
Microsoft Visual Studio Solution File, Format Version 12.00
# Visual Studio Version 17
VisualStudioVersion = 17.5.33530.505
MinimumVisualStudioVersion = 10.0.40219.1
Project("{FAE04EC0-301F-11D3-BF4B-00C04F79EFBC}") = "ManageStores", "ManageStores\ManageStores.csproj", "{5BF6A573-4E08-417C-AA9B-A703D5642705}"
EndProject
Project("{2150E333-8FDC-42A3-9474-1A3956D46DE8}") = "Website", "Website", "{985A0C45-0491-4BF7-B556-C69626EA2060}"
EndProject
Project("{2150E333-8FDC-42A3-9474-1A3956D46DE8}") = "API", "API", "{6C66C033-A5DE-4522-8BC1-A99E109C233F}"
EndProject
Project("{2150E333-8FDC-42A3-9474-1A3956D46DE8}") = "Data", "Data", "{00962494-EC17-452B-B12D-D06D6CDD71A4}"
EndProject
Project("{2150E333-8FDC-42A3-9474-1A3956D46DE8}") = "Model", "Model", "{27AF5983-190D-4BA8-A68E-D6B34E4DA14C}"
EndProject
Global
	GlobalSection(SolutionConfigurationPlatforms) = preSolution
		Debug|Any CPU = Debug|Any CPU
		Release|Any CPU = Release|Any CPU
	EndGlobalSection
	GlobalSection(ProjectConfigurationPlatforms) = postSolution
		{5BF6A573-4E08-417C-AA9B-A703D5642705}.Debug|Any CPU.ActiveCfg = Debug|Any CPU
		{5BF6A573-4E08-417C-AA9B-A703D5642705}.Debug|Any CPU.Build.0 = Debug|Any CPU
		{5BF6A573-4E08-417C-AA9B-A703D5642705}.Release|Any CPU.ActiveCfg = Release|Any CPU
		{5BF6A573-4E08-417C-AA9B-A703D5642705}.Release|Any CPU.Build.0 = Release|Any CPU
	EndGlobalSection
	GlobalSection(SolutionProperties) = preSolution
		HideSolutionNode = FALSE
	EndGlobalSection
	GlobalSection(NestedProjects) = preSolution
		{5BF6A573-4E08-417C-AA9B-A703D5642705} = {985A0C45-0491-4BF7-B556-C69626EA2060}
	EndGlobalSection
	GlobalSection(ExtensibilityGlobals) = postSolution
		SolutionGuid = {F7C0D3AD-8984-40A3-862F-2C123E271937}
	EndGlobalSection
EndGlobal
