{
  "name": "ManageStores",
  "lockfileVersion": 2,
  "requires": true,
  "packages": {
    "": {
      "dependencies": {
        "datatables.net-dt": "^1.13.4"
      }
    },
    "node_modules/datatables.net": {
      "version": "1.13.4",
      "resolved": "https://registry.npmjs.org/datatables.net/-/datatables.net-1.13.4.tgz",
      "integrity": "sha512-yzhArTOB6tPO2QFKm1z3hA4vabtt2hRvgw8XLsT1xqEirinfGYqWDiWXlkTPTaJv2e7gG+Kf985sXkzBFlGrGQ==",
      "dependencies": {
        "jquery": ">=1.7"
      }
    },
    "node_modules/datatables.net-dt": {
      "version": "1.13.4",
      "resolved": "https://registry.npmjs.org/datatables.net-dt/-/datatables.net-dt-1.13.4.tgz",
      "integrity": "sha512-QAvuEej/qKSiaSmSeDQ36wWO72XzFGKkd0jdiqbp+2FHAAzIk+ffsqQAwylystMoBSiO0zlcdaqHoAPa5Dy7Pg==",
      "dependencies": {
        "datatables.net": ">=1.12.1",
        "jquery": ">=1.7"
      }
    },
    "node_modules/jquery": {
      "version": "3.6.4",
      "resolved": "https://registry.npmjs.org/jquery/-/jquery-3.6.4.tgz",
      "integrity": "sha512-v28EW9DWDFpzcD9O5iyJXg3R3+q+mET5JhnjJzQUZMHOv67bpSIHq81GEYpPNZHG+XXHsfSme3nxp/hndKEcsQ=="
    }
  },
  "dependencies": {
    "datatables.net": {
      "version": "1.13.4",
      "resolved": "https://registry.npmjs.org/datatables.net/-/datatables.net-1.13.4.tgz",
      "integrity": "sha512-yzhArTOB6tPO2QFKm1z3hA4vabtt2hRvgw8XLsT1xqEirinfGYqWDiWXlkTPTaJv2e7gG+Kf985sXkzBFlGrGQ==",
      "requires": {
        "jquery": ">=1.7"
      }
    },
    "datatables.net-dt": {
      "version": "1.13.4",
      "resolved": "https://registry.npmjs.org/datatables.net-dt/-/datatables.net-dt-1.13.4.tgz",
      "integrity": "sha512-QAvuEej/qKSiaSmSeDQ36wWO72XzFGKkd0jdiqbp+2FHAAzIk+ffsqQAwylystMoBSiO0zlcdaqHoAPa5Dy7Pg==",
      "requires": {
        "datatables.net": ">=1.12.1",
        "jquery": ">=1.7"
      }
    },
    "jquery": {
      "version": "3.6.4",
      "resolved": "https://registry.npmjs.org/jquery/-/jquery-3.6.4.tgz",
      "integrity": "sha512-v28EW9DWDFpzcD9O5iyJXg3R3+q+mET5JhnjJzQUZMHOv67bpSIHq81GEYpPNZHG+XXHsfSme3nxp/hndKEcsQ=="
    }
  }
}
